{
  "name": "hello-world",
  "version": "0.0.1",
  "lockfileVersion": 1,
  "requires": true,
  "dependencies": {
    "fs-extra": {
      "version": "7.0.1",
      "resolved": "https://registry.npmjs.org/fs-extra/-/fs-extra-7.0.1.tgz",
      "integrity": "sha512-YJDaCJZEnBmcbw13fvdAM9AwNOJwOzrE4pqMqBq5nFiEqXUqHwlK4B+3pUw6JNvfSPtX05xFHtYy/1ni01eGCw==",
      "requires": {
        "graceful-fs": "^4.1.2",
        "jsonfile": "^4.0.0",
        "universalify": "^0.1.0"
      }
    },
    "graceful-fs": {
      "version": "4.1.15",
      "resolved": "https://registry.npmjs.org/graceful-fs/-/graceful-fs-4.1.15.tgz",
      "integrity": "sha512-6uHUhOPEBgQ24HM+r6b/QwWfZq+yiFcipKFrOFiBEnWdy5sdzYoi+pJeQaPI5qOLRFqWmAXUPQNsielzdLoecA=="
    },
    "jsonfile": {
      "version": "4.0.0",
      "resolved": "https://registry.npmjs.org/jsonfile/-/jsonfile-4.0.0.tgz",
      "integrity": "sha1-h3Gq4HmbZAdrdmQPygWPnBDjPss=",
      "requires": {
        "graceful-fs": "^4.1.6"
      }
    },
    "universalify": {
      "version": "0.1.2",
      "resolved": "https://registry.npmjs.org/universalify/-/universalify-0.1.2.tgz",
      "integrity": "sha512-rBJeI5CXAlmy1pV+617WB9J63U6XcazHHF2f2dbJix4XzpUF0RS3Zbj0FGIOCAva5P/d/GBOYaACQ1w+0azUkg=="
    },
    "wColor": {
      "version": "0.3.81",
      "resolved": "https://registry.npmjs.org/wColor/-/wColor-0.3.81.tgz",
      "integrity": "sha512-2i+wxANrVMZ4AJIoaRcUuyN1+BFh2Pn2ASmaQ/1UWXCftBOTEylhaH0nZY501al3uN0x3q681QiMBkY5dPNahw==",
      "requires": {
        "wTools": "^0.8.323"
      },
      "dependencies": {
        "wTools": {
          "version": "0.8.323",
          "resolved": "https://registry.npmjs.org/wTools/-/wTools-0.8.323.tgz",
          "integrity": "sha512-phYA1b5Oq14qefEGWsYM48y1Au0yK/WvuaWy/R4Y/WHH9N+w7NISdmtYGZdrxebmBC02a32v/hrwWR2bbYrnLg=="
        }
      }
    },
    "wConsequence": {
      "version": "0.4.82",
      "resolved": "https://registry.npmjs.org/wConsequence/-/wConsequence-0.4.82.tgz",
      "integrity": "sha512-RPsrTAzTaTH1jtHqTdR1HXWzU353Q+/SvO7hf7EO38SAjdu/0vmEQFrgsrigbpFPDcPer2LMmP3C0ECCh2WC4w==",
      "requires": {
        "wCopyable": "^0.4.78",
        "wProto": "^0.4.109",
        "wTools": "^0.8.323"
      },
      "dependencies": {
        "wTools": {
          "version": "0.8.323",
          "resolved": "https://registry.npmjs.org/wTools/-/wTools-0.8.323.tgz",
          "integrity": "sha512-phYA1b5Oq14qefEGWsYM48y1Au0yK/WvuaWy/R4Y/WHH9N+w7NISdmtYGZdrxebmBC02a32v/hrwWR2bbYrnLg=="
        }
      }
    },
    "wCopyable": {
      "version": "0.4.78",
      "resolved": "https://registry.npmjs.org/wCopyable/-/wCopyable-0.4.78.tgz",
      "integrity": "sha512-CaxhRkDgvAArZH6tJ4rNMA3ynLI2Kecz5Rbtaao9vVw7wfL4QEEadZhFOt8XXxwvNuoOXN1mKBYfCdHPABvtgw==",
      "requires": {
        "wProto": "^0.4.109",
        "wTools": "^0.8.323",
        "wcloner": "^0.3.63",
        "wcomparator": "^0.3.15",
        "wlooker": "^0.3.20"
      },
      "dependencies": {
        "wTools": {
          "version": "0.8.323",
          "resolved": "https://registry.npmjs.org/wTools/-/wTools-0.8.323.tgz",
          "integrity": "sha512-phYA1b5Oq14qefEGWsYM48y1Au0yK/WvuaWy/R4Y/WHH9N+w7NISdmtYGZdrxebmBC02a32v/hrwWR2bbYrnLg=="
        }
      }
    },
    "wEventHandler": {
      "version": "0.4.59",
      "resolved": "https://registry.npmjs.org/wEventHandler/-/wEventHandler-0.4.59.tgz",
      "integrity": "sha512-Q+pRzHtbgrlAyg989N7Yy/9KBICkFib6OqFFM57uXQwIbzegbfstwGrjJPgFcn1ejM6uOTF20RP8++XWBMVoAg==",
      "requires": {
        "wProto": "^0.4.109",
        "wTools": "^0.8.323"
      },
      "dependencies": {
        "wTools": {
          "version": "0.8.323",
          "resolved": "https://registry.npmjs.org/wTools/-/wTools-0.8.323.tgz",
          "integrity": "sha512-phYA1b5Oq14qefEGWsYM48y1Au0yK/WvuaWy/R4Y/WHH9N+w7NISdmtYGZdrxebmBC02a32v/hrwWR2bbYrnLg=="
        }
      }
    },
    "wFiles": {
      "version": "0.6.343",
      "resolved": "https://registry.npmjs.org/wFiles/-/wFiles-0.6.343.tgz",
      "integrity": "sha512-8xCbEeV490UXPXAanLpx9VsJmV+HqShBJzlQ3A4z7F2RUi0x0jJkRPKaZO+Ilqc0xIKNYeD6KnSuhU9F0rurKg==",
      "requires": {
        "fs-extra": "^7.0.1",
        "wConsequence": "^0.4.82",
        "wCopyable": "^0.4.78",
        "wLogger": "^0.5.136",
        "wRegexpObject": "^0.4.73",
        "wTools": "^0.8.323",
        "wexternalfundamentals": "^0.3.93",
        "wfieldsstack": "^0.3.38",
        "wpathfundamentals": "^0.6.92",
        "wselector": "^0.3.25",
        "wstringer": "^0.3.52",
        "wstringsextra": "^0.3.68",
        "wurifundamentals": "^0.6.53",
        "wverbal": "^0.3.33",
        "wweburifundamentals": "^0.3.16"
      },
      "dependencies": {
        "wTools": {
          "version": "0.8.323",
          "resolved": "https://registry.npmjs.org/wTools/-/wTools-0.8.323.tgz",
          "integrity": "sha512-phYA1b5Oq14qefEGWsYM48y1Au0yK/WvuaWy/R4Y/WHH9N+w7NISdmtYGZdrxebmBC02a32v/hrwWR2bbYrnLg=="
        }
      }
    },
    "wLogger": {
      "version": "0.5.136",
      "resolved": "https://registry.npmjs.org/wLogger/-/wLogger-0.5.136.tgz",
      "integrity": "sha512-ge1tA203LfrOfLTr3Wp/g2CLUR1pm3ff/2QuYIdVa5VFHxnuLA+KHYcBiE9aGz88hyBaEcLZnVyQpi0M8MVGaQ==",
      "requires": {
        "wColor": "^0.3.81",
        "wCopyable": "^0.4.78",
        "wTools": "^0.8.323",
        "wstringer": "^0.3.52",
        "wstringsextra": "^0.3.68"
      },
      "dependencies": {
        "wTools": {
          "version": "0.8.323",
          "resolved": "https://registry.npmjs.org/wTools/-/wTools-0.8.323.tgz",
          "integrity": "sha512-phYA1b5Oq14qefEGWsYM48y1Au0yK/WvuaWy/R4Y/WHH9N+w7NISdmtYGZdrxebmBC02a32v/hrwWR2bbYrnLg=="
        }
      }
    },
    "wProto": {
      "version": "0.4.109",
      "resolved": "https://registry.npmjs.org/wProto/-/wProto-0.4.109.tgz",
      "integrity": "sha512-e62ZqPkVfMFzPGd8j3YZvbP67/K7bmkpKbq9AWS9C5edOn3VEFr6Z4yDGKqYkRWpQou8b7h6QYvkokJunYn3yA==",
      "requires": {
        "wTools": "^0.8.323"
      },
      "dependencies": {
        "wTools": {
          "version": "0.8.323",
          "resolved": "https://registry.npmjs.org/wTools/-/wTools-0.8.323.tgz",
          "integrity": "sha512-phYA1b5Oq14qefEGWsYM48y1Au0yK/WvuaWy/R4Y/WHH9N+w7NISdmtYGZdrxebmBC02a32v/hrwWR2bbYrnLg=="
        }
      }
    },
    "wRegexpObject": {
      "version": "0.4.73",
      "resolved": "https://registry.npmjs.org/wRegexpObject/-/wRegexpObject-0.4.73.tgz",
      "integrity": "sha512-S4Yf+q1vSyIiMZ1Re+G94sOuf85a5uwvYnzMvjvOhaLAkhV376SGzZPFXHuu86qrOf0Tu2U2d7gLqWCyT9Ys4w==",
      "requires": {
        "wTools": "^0.8.323"
      },
      "dependencies": {
        "wTools": {
          "version": "0.8.323",
          "resolved": "https://registry.npmjs.org/wTools/-/wTools-0.8.323.tgz",
          "integrity": "sha512-phYA1b5Oq14qefEGWsYM48y1Au0yK/WvuaWy/R4Y/WHH9N+w7NISdmtYGZdrxebmBC02a32v/hrwWR2bbYrnLg=="
        }
      }
    },
    "wTesting": {
      "version": "0.4.199",
      "resolved": "https://registry.npmjs.org/wTesting/-/wTesting-0.4.199.tgz",
      "integrity": "sha512-yuN21+czG9iLq0BjpA8wcRHYoyqNBui0HLMWeD5nJKH8uUTZG38A6lI7lbVrKQ6+YIm4vGV4MqCBgHd2lr+z8A==",
      "requires": {
        "wConsequence": "^0.4.82",
        "wCopyable": "^0.4.78",
        "wEventHandler": "^0.4.59",
        "wFiles": "^0.6.343",
        "wLogger": "^0.5.136",
        "wProto": "^0.4.109",
        "wTools": "^0.8.323",
        "wcomparator": "^0.3.15",
        "wexternalfundamentals": "^0.3.93",
        "winstancing": "^0.4.37",
        "wlooker": "^0.3.20",
        "wselector": "^0.3.25"
      },
      "dependencies": {
        "wTools": {
          "version": "0.8.323",
          "resolved": "https://registry.npmjs.org/wTools/-/wTools-0.8.323.tgz",
          "integrity": "sha512-phYA1b5Oq14qefEGWsYM48y1Au0yK/WvuaWy/R4Y/WHH9N+w7NISdmtYGZdrxebmBC02a32v/hrwWR2bbYrnLg=="
        }
      }
    },
    "warraysorted": {
      "version": "0.3.57",
      "resolved": "https://registry.npmjs.org/warraysorted/-/warraysorted-0.3.57.tgz",
      "integrity": "sha512-PGRKhDdjVoCWtYb0+/H9VjRiGHqO+Xx7ZaAw91GDL+p7RDL1MwbD4O1unexlDgC3x7H43vuQfpJxZcZXZ9yKvA==",
      "requires": {
        "wTools": "^0.8.323"
      },
      "dependencies": {
        "wTools": {
          "version": "0.8.323",
          "resolved": "https://registry.npmjs.org/wTools/-/wTools-0.8.323.tgz",
          "integrity": "sha512-phYA1b5Oq14qefEGWsYM48y1Au0yK/WvuaWy/R4Y/WHH9N+w7NISdmtYGZdrxebmBC02a32v/hrwWR2bbYrnLg=="
        }
      }
    },
    "warraysparse": {
      "version": "0.3.16",
      "resolved": "https://registry.npmjs.org/warraysparse/-/warraysparse-0.3.16.tgz",
      "integrity": "sha512-UeaG/nW1ByBw6S+iK7ZNVByKAyC+Yn+s5l48e73+6tMa8ZjvAGW/Ncd9MQoJ/IVkjnFK7nRg87KCo/voJvbXCQ==",
      "requires": {
        "wTools": "^0.8.323"
      },
      "dependencies": {
        "wTools": {
          "version": "0.8.323",
          "resolved": "https://registry.npmjs.org/wTools/-/wTools-0.8.323.tgz",
          "integrity": "sha512-phYA1b5Oq14qefEGWsYM48y1Au0yK/WvuaWy/R4Y/WHH9N+w7NISdmtYGZdrxebmBC02a32v/hrwWR2bbYrnLg=="
        }
      }
    },
    "wcloner": {
      "version": "0.3.63",
      "resolved": "https://registry.npmjs.org/wcloner/-/wcloner-0.3.63.tgz",
      "integrity": "sha512-oKiy4b5H+biBjgshVwGj5nTVfC+YN6JS0iSnZR/AZGzkuIHN2O4DU/uv3wVoAzPmZUJSPmwTcRyOfptDBAteHw==",
      "requires": {
        "wTools": "^0.8.323",
        "wtraverser": "^0.3.51"
      },
      "dependencies": {
        "wTools": {
          "version": "0.8.323",
          "resolved": "https://registry.npmjs.org/wTools/-/wTools-0.8.323.tgz",
          "integrity": "sha512-phYA1b5Oq14qefEGWsYM48y1Au0yK/WvuaWy/R4Y/WHH9N+w7NISdmtYGZdrxebmBC02a32v/hrwWR2bbYrnLg=="
        }
      }
    },
    "wcomparator": {
      "version": "0.3.15",
      "resolved": "https://registry.npmjs.org/wcomparator/-/wcomparator-0.3.15.tgz",
      "integrity": "sha512-28phlr4Pt8ikOeRNcmVNHV638N5w0v4Q5Yk6hgLcZHMnLNIow+l+sIvke4stDAiondXRFzDyyanAs1t3coUhqg==",
      "requires": {
        "wTools": "^0.8.323"
      },
      "dependencies": {
        "wTools": {
          "version": "0.8.323",
          "resolved": "https://registry.npmjs.org/wTools/-/wTools-0.8.323.tgz",
          "integrity": "sha512-phYA1b5Oq14qefEGWsYM48y1Au0yK/WvuaWy/R4Y/WHH9N+w7NISdmtYGZdrxebmBC02a32v/hrwWR2bbYrnLg=="
        }
      }
    },
    "wexternalfundamentals": {
      "version": "0.3.93",
      "resolved": "https://registry.npmjs.org/wexternalfundamentals/-/wexternalfundamentals-0.3.93.tgz",
      "integrity": "sha512-vfeIHIdqqu9pu2YNlkwih6KZa9t+W9AEuoZfy/o/6+FdRS0JOiaI+mbxVI5HNoL15RFfDjvToKlqlWNVq5gzyg==",
      "requires": {
        "wTools": "^0.8.323",
        "wpathfundamentals": "^0.6.92"
      },
      "dependencies": {
        "wTools": {
          "version": "0.8.323",
          "resolved": "https://registry.npmjs.org/wTools/-/wTools-0.8.323.tgz",
          "integrity": "sha512-phYA1b5Oq14qefEGWsYM48y1Au0yK/WvuaWy/R4Y/WHH9N+w7NISdmtYGZdrxebmBC02a32v/hrwWR2bbYrnLg=="
        }
      }
    },
    "wfieldsstack": {
      "version": "0.3.38",
      "resolved": "https://registry.npmjs.org/wfieldsstack/-/wfieldsstack-0.3.38.tgz",
      "integrity": "sha512-3ikBm+JAmfyw8sTfE0bsjs/Bl+jM50WusFdfMx1e5r3JbVpkg7o2KHhVm+m5qGn/XZHHgJZLPIyi5c8juRZ2RQ==",
      "requires": {
        "wProto": "^0.4.109",
        "wTools": "^0.8.323"
      },
      "dependencies": {
        "wTools": {
          "version": "0.8.323",
          "resolved": "https://registry.npmjs.org/wTools/-/wTools-0.8.323.tgz",
          "integrity": "sha512-phYA1b5Oq14qefEGWsYM48y1Au0yK/WvuaWy/R4Y/WHH9N+w7NISdmtYGZdrxebmBC02a32v/hrwWR2bbYrnLg=="
        }
      }
    },
    "winstancing": {
      "version": "0.4.37",
      "resolved": "https://registry.npmjs.org/winstancing/-/winstancing-0.4.37.tgz",
      "integrity": "sha512-YcXNodGclmCVRRbE31ZtTT9CwhQtM58yUUxqhW/OX1R/b5lP/euttClu4QBnplgyWmj1TQnFpeK3zA0naZoAmQ==",
      "requires": {
        "wProto": "^0.4.109",
        "wTools": "^0.8.323",
        "wcloner": "^0.3.63"
      },
      "dependencies": {
        "wTools": {
          "version": "0.8.323",
          "resolved": "https://registry.npmjs.org/wTools/-/wTools-0.8.323.tgz",
          "integrity": "sha512-phYA1b5Oq14qefEGWsYM48y1Au0yK/WvuaWy/R4Y/WHH9N+w7NISdmtYGZdrxebmBC02a32v/hrwWR2bbYrnLg=="
        }
      }
    },
    "wlooker": {
      "version": "0.3.20",
      "resolved": "https://registry.npmjs.org/wlooker/-/wlooker-0.3.20.tgz",
      "integrity": "sha512-sbjZrDXKXFaqCQqhmgMveiy/RgcBoi7BDFXB1+jyjkfwpG/oPFlymxUqEb8LQHf8HTQ9ZS6oe7RHzicu3nTSZg==",
      "requires": {
        "wTools": "^0.8.323"
      },
      "dependencies": {
        "wTools": {
          "version": "0.8.323",
          "resolved": "https://registry.npmjs.org/wTools/-/wTools-0.8.323.tgz",
          "integrity": "sha512-phYA1b5Oq14qefEGWsYM48y1Au0yK/WvuaWy/R4Y/WHH9N+w7NISdmtYGZdrxebmBC02a32v/hrwWR2bbYrnLg=="
        }
      }
    },
    "wpathfundamentals": {
      "version": "0.6.92",
      "resolved": "https://registry.npmjs.org/wpathfundamentals/-/wpathfundamentals-0.6.92.tgz",
      "integrity": "sha512-GI67dskLPLWYH6tPUxkndrAx2Za5YKv8t9BqZIeAbooQHl1fQjiaxK90HUP7KoGcFanR8acDOQwKYe2S58LXdg==",
      "requires": {
        "wTools": "^0.8.323"
      },
      "dependencies": {
        "wTools": {
          "version": "0.8.323",
          "resolved": "https://registry.npmjs.org/wTools/-/wTools-0.8.323.tgz",
          "integrity": "sha512-phYA1b5Oq14qefEGWsYM48y1Au0yK/WvuaWy/R4Y/WHH9N+w7NISdmtYGZdrxebmBC02a32v/hrwWR2bbYrnLg=="
        }
      }
    },
    "wselector": {
      "version": "0.3.25",
      "resolved": "https://registry.npmjs.org/wselector/-/wselector-0.3.25.tgz",
      "integrity": "sha512-epHbjTM5C0XWBpbx8qHztwxTh4kuCyDlkf09cZjTFEqWpw/eYfY6QXw4ih4ImyChQAHSS4nk5jTqXHAJVABmCg==",
      "requires": {
        "wTools": "^0.8.323",
        "wlooker": "^0.3.20",
        "wpathfundamentals": "^0.6.92"
      },
      "dependencies": {
        "wTools": {
          "version": "0.8.323",
          "resolved": "https://registry.npmjs.org/wTools/-/wTools-0.8.323.tgz",
          "integrity": "sha512-phYA1b5Oq14qefEGWsYM48y1Au0yK/WvuaWy/R4Y/WHH9N+w7NISdmtYGZdrxebmBC02a32v/hrwWR2bbYrnLg=="
        }
      }
    },
    "wstringer": {
      "version": "0.3.52",
      "resolved": "https://registry.npmjs.org/wstringer/-/wstringer-0.3.52.tgz",
      "integrity": "sha512-crK6qvS3GUBB0slZkOA6621NbM+72mX2idW0BmV++Sb4+CjiAeXesYKlZ3frCF1DEwJ3PGur9Ynp19RaW5tKdA==",
      "requires": {
        "wTools": "^0.8.323"
      },
      "dependencies": {
        "wTools": {
          "version": "0.8.323",
          "resolved": "https://registry.npmjs.org/wTools/-/wTools-0.8.323.tgz",
          "integrity": "sha512-phYA1b5Oq14qefEGWsYM48y1Au0yK/WvuaWy/R4Y/WHH9N+w7NISdmtYGZdrxebmBC02a32v/hrwWR2bbYrnLg=="
        }
      }
    },
    "wstringsextra": {
      "version": "0.3.68",
      "resolved": "https://registry.npmjs.org/wstringsextra/-/wstringsextra-0.3.68.tgz",
      "integrity": "sha512-6DX5mpke5urVa/t0nfL9pWgQk0IA+03E3NgyIThrl2lSmnYsexhwOo8I1UfIYpk/fsbho0PEOStFWrgxEGMWfw==",
      "requires": {
        "wTools": "^0.8.323",
        "warraysorted": "^0.3.57",
        "warraysparse": "^0.3.16",
        "wstringer": "^0.3.52"
      },
      "dependencies": {
        "wTools": {
          "version": "0.8.323",
          "resolved": "https://registry.npmjs.org/wTools/-/wTools-0.8.323.tgz",
          "integrity": "sha512-phYA1b5Oq14qefEGWsYM48y1Au0yK/WvuaWy/R4Y/WHH9N+w7NISdmtYGZdrxebmBC02a32v/hrwWR2bbYrnLg=="
        }
      }
    },
    "wtraverser": {
      "version": "0.3.51",
      "resolved": "https://registry.npmjs.org/wtraverser/-/wtraverser-0.3.51.tgz",
      "integrity": "sha512-YuPkI738dneAoeacLovI/npubxTALWMo/soNbIO1w31jKvV19T+fR0u5VmCELCPkK0zYOm8WdD9XfMPMmBGTsA==",
      "requires": {
        "wTools": "^0.8.323"
      },
      "dependencies": {
        "wTools": {
          "version": "0.8.323",
          "resolved": "https://registry.npmjs.org/wTools/-/wTools-0.8.323.tgz",
          "integrity": "sha512-phYA1b5Oq14qefEGWsYM48y1Au0yK/WvuaWy/R4Y/WHH9N+w7NISdmtYGZdrxebmBC02a32v/hrwWR2bbYrnLg=="
        }
      }
    },
    "wurifundamentals": {
      "version": "0.6.53",
      "resolved": "https://registry.npmjs.org/wurifundamentals/-/wurifundamentals-0.6.53.tgz",
      "integrity": "sha512-ScnpzkxAl7NtefOXRAXmXoyXKOHkoFCV9PsLIL0mzZ6WLZbHmGSv6qB1uezywF1YAUIlDk9PUn2udc+BfRbbiQ==",
      "requires": {
        "wTools": "^0.8.323",
        "wpathfundamentals": "^0.6.92"
      },
      "dependencies": {
        "wTools": {
          "version": "0.8.323",
          "resolved": "https://registry.npmjs.org/wTools/-/wTools-0.8.323.tgz",
          "integrity": "sha512-phYA1b5Oq14qefEGWsYM48y1Au0yK/WvuaWy/R4Y/WHH9N+w7NISdmtYGZdrxebmBC02a32v/hrwWR2bbYrnLg=="
        }
      }
    },
    "wverbal": {
      "version": "0.3.33",
      "resolved": "https://registry.npmjs.org/wverbal/-/wverbal-0.3.33.tgz",
      "integrity": "sha512-vGh/K/4B4PnV3s51s4WEPMTyFjTimiX6YO4bq6mEL5zH/tXa1tX/1YDP4GRDAePdCtZFfoYVxlyXJIiNPl1cHw==",
      "requires": {
        "wProto": "^0.4.109",
        "wTools": "^0.8.323"
      },
      "dependencies": {
        "wTools": {
          "version": "0.8.323",
          "resolved": "https://registry.npmjs.org/wTools/-/wTools-0.8.323.tgz",
          "integrity": "sha512-phYA1b5Oq14qefEGWsYM48y1Au0yK/WvuaWy/R4Y/WHH9N+w7NISdmtYGZdrxebmBC02a32v/hrwWR2bbYrnLg=="
        }
      }
    },
    "wweburifundamentals": {
      "version": "0.3.16",
      "resolved": "https://registry.npmjs.org/wweburifundamentals/-/wweburifundamentals-0.3.16.tgz",
      "integrity": "sha512-I7clzrX/Lt3zShzSD0B4mQ0jbSaMX2wZ87vFiyLj4seGcvWLBY0hyvJgoy0IYewhMC2SKPI4AO7ySxnIITXTCg==",
      "requires": {
        "wTools": "^0.8.323",
        "wurifundamentals": "^0.6.53"
      },
      "dependencies": {
        "wTools": {
          "version": "0.8.323",
          "resolved": "https://registry.npmjs.org/wTools/-/wTools-0.8.323.tgz",
          "integrity": "sha512-phYA1b5Oq14qefEGWsYM48y1Au0yK/WvuaWy/R4Y/WHH9N+w7NISdmtYGZdrxebmBC02a32v/hrwWR2bbYrnLg=="
        }
      }
    }
  }
}
